
Microsoft Visual Studio Solution File, Format Version 12.00
# Visual Studio 15
VisualStudioVersion = 15.0.28010.2036
MinimumVisualStudioVersion = 10.0.40219.1
Project("{8BC9CEB8-8B4A-11D0-8D11-00A0C91BC942}") = "RegionGrow", "RegionGrow\RegionGrow.vcxproj", "{AB202C7F-E008-4052-9470-9B58479CA725}"
EndProject
Global
	GlobalSection(SolutionConfigurationPlatforms) = preSolution
		Debug|x64 = Debug|x64
		Debug|x86 = Debug|x86
		Release|x64 = Release|x64
		Release|x86 = Release|x86
	EndGlobalSection
	GlobalSection(ProjectConfigurationPlatforms) = postSolution
		{AB202C7F-E008-4052-9470-9B58479CA725}.Debug|x64.ActiveCfg = Debug|x64
		{AB202C7F-E008-4052-9470-9B58479CA725}.Debug|x64.Build.0 = Debug|x64
		{AB202C7F-E008-4052-9470-9B58479CA725}.Debug|x86.ActiveCfg = Debug|Win32
		{AB202C7F-E008-4052-9470-9B58479CA725}.Debug|x86.Build.0 = Debug|Win32
		{AB202C7F-E008-4052-9470-9B58479CA725}.Release|x64.ActiveCfg = Release|x64
		{AB202C7F-E008-4052-9470-9B58479CA725}.Release|x64.Build.0 = Release|x64
		{AB202C7F-E008-4052-9470-9B58479CA725}.Release|x86.ActiveCfg = Release|Win32
		{AB202C7F-E008-4052-9470-9B58479CA725}.Release|x86.Build.0 = Release|Win32
	EndGlobalSection
	GlobalSection(SolutionProperties) = preSolution
		HideSolutionNode = FALSE
	EndGlobalSection
	GlobalSection(ExtensibilityGlobals) = postSolution
		SolutionGuid = {9EBC36D3-6FD7-4584-BE55-954679AE13B9}
	EndGlobalSection
EndGlobal
